
Microsoft Visual Studio Solution File, Format Version 12.00
# Visual Studio 15
VisualStudioVersion = 15.0.28307.168
MinimumVisualStudioVersion = 10.0.40219.1
Project("{FAE04EC0-301F-11D3-BF4B-00C04F79EFBC}") = "WebApplication2", "WebApplication2\WebApplication2.csproj", "{F88559F3-7172-49E8-904F-D09591953D59}"
EndProject
Global
	GlobalSection(SolutionConfigurationPlatforms) = preSolution
		Debug|Any CPU = Debug|Any CPU
		Release|Any CPU = Release|Any CPU
	EndGlobalSection
	GlobalSection(ProjectConfigurationPlatforms) = postSolution
		{F88559F3-7172-49E8-904F-D09591953D59}.Debug|Any CPU.ActiveCfg = Debug|Any CPU
		{F88559F3-7172-49E8-904F-D09591953D59}.Debug|Any CPU.Build.0 = Debug|Any CPU
		{F88559F3-7172-49E8-904F-D09591953D59}.Release|Any CPU.ActiveCfg = Release|Any CPU
		{F88559F3-7172-49E8-904F-D09591953D59}.Release|Any CPU.Build.0 = Release|Any CPU
	EndGlobalSection
	GlobalSection(SolutionProperties) = preSolution
		HideSolutionNode = FALSE
	EndGlobalSection
	GlobalSection(ExtensibilityGlobals) = postSolution
		SolutionGuid = {5EB395E2-B3BD-4E85-AD7E-0861016C3402}
	EndGlobalSection
EndGlobal
